
Microsoft Visual Studio Solution File, Format Version 12.00
# Visual Studio Version 17
VisualStudioVersion = 17.14.36414.22 d17.14
MinimumVisualStudioVersion = 10.0.40219.1
Project("{FAE04EC0-301F-11D3-BF4B-00C04F79EFBC}") = "Banco1", "Banco\Banco1\Banco1.csproj", "{94E86ADF-4FB7-4040-80AE-751526C323EE}"
EndProject
Global
	GlobalSection(SolutionConfigurationPlatforms) = preSolution
		Debug|Any CPU = Debug|Any CPU
		Release|Any CPU = Release|Any CPU
	EndGlobalSection
	GlobalSection(ProjectConfigurationPlatforms) = postSolution
		{94E86ADF-4FB7-4040-80AE-751526C323EE}.Debug|Any CPU.ActiveCfg = Debug|Any CPU
		{94E86ADF-4FB7-4040-80AE-751526C323EE}.Debug|Any CPU.Build.0 = Debug|Any CPU
		{94E86ADF-4FB7-4040-80AE-751526C323EE}.Release|Any CPU.ActiveCfg = Release|Any CPU
		{94E86ADF-4FB7-4040-80AE-751526C323EE}.Release|Any CPU.Build.0 = Release|Any CPU
	EndGlobalSection
	GlobalSection(SolutionProperties) = preSolution
		HideSolutionNode = FALSE
	EndGlobalSection
	GlobalSection(ExtensibilityGlobals) = postSolution
		SolutionGuid = {B9BCC47B-95BE-4AD8-B4CB-E9629588CE6B}
	EndGlobalSection
EndGlobal
